{
  "pins" : [
    {
      "identity" : "swiftopenai",
      "kind" : "remoteSourceControl",
      "location" : "https://github.com/ajason/SwiftOpenAI.git",
      "state" : {
        "branch" : "main",
        "revision" : "19bdaa1a15599d27544f9367aa184ee396282b0b"
      }
    }
  ],
  "version" : 2
}
