{
  "pins" : [
    {
      "identity" : "swiftopenai",
      "kind" : "remoteSourceControl",
      "location" : "https://github.com/ajason/SwiftOpenAI.git",
      "state" : {
        "branch" : "main",
        "revision" : "e0d2e5d9a4f969f184464bcff790f7848f1f279d"
      }
    }
  ],
  "version" : 2
}
